
Microsoft Visual Studio Solution File, Format Version 12.00
# Visual Studio 15
VisualStudioVersion = 15.0.27004.2006
MinimumVisualStudioVersion = 10.0.40219.1
Project("{FAE04EC0-301F-11D3-BF4B-00C04F79EFBC}") = "CrmGoogleMaps", "CrmGoogleMaps\CrmGoogleMaps.csproj", "{7699E18C-51ED-4486-BF4E-2C0D74C4B372}"
EndProject
Global
	GlobalSection(SolutionConfigurationPlatforms) = preSolution
		Debug|Any CPU = Debug|Any CPU
		Release|Any CPU = Release|Any CPU
	EndGlobalSection
	GlobalSection(ProjectConfigurationPlatforms) = postSolution
		{7699E18C-51ED-4486-BF4E-2C0D74C4B372}.Debug|Any CPU.ActiveCfg = Debug|Any CPU
		{7699E18C-51ED-4486-BF4E-2C0D74C4B372}.Debug|Any CPU.Build.0 = Debug|Any CPU
		{7699E18C-51ED-4486-BF4E-2C0D74C4B372}.Release|Any CPU.ActiveCfg = Release|Any CPU
		{7699E18C-51ED-4486-BF4E-2C0D74C4B372}.Release|Any CPU.Build.0 = Release|Any CPU
	EndGlobalSection
	GlobalSection(SolutionProperties) = preSolution
		HideSolutionNode = FALSE
	EndGlobalSection
	GlobalSection(ExtensibilityGlobals) = postSolution
		SolutionGuid = {AC1ABC2A-67FC-47AB-A640-E9795242E008}
	EndGlobalSection
EndGlobal
